
Microsoft Visual Studio Solution File, Format Version 12.00
Project("{F2A71F9B-5D33-465A-A702-920D77279786}") = "Kedr.Lexer", "Kedr.Lexer\Kedr.Lexer.fsproj", "{20DF3D47-C2DA-4133-A586-116DFA72A7CB}"
EndProject
Project("{F2A71F9B-5D33-465A-A702-920D77279786}") = "Kedr.Tokenizer.Tests", "Kedr.Tokenizer.Tests\Kedr.Tokenizer.Tests.fsproj", "{AA286C74-E648-4A36-9EBB-6DB18200F9AA}"
EndProject
Global
	GlobalSection(SolutionConfigurationPlatforms) = preSolution
		Debug|Any CPU = Debug|Any CPU
		Release|Any CPU = Release|Any CPU
	EndGlobalSection
	GlobalSection(ProjectConfigurationPlatforms) = postSolution
		{20DF3D47-C2DA-4133-A586-116DFA72A7CB}.Debug|Any CPU.ActiveCfg = Debug|Any CPU
		{20DF3D47-C2DA-4133-A586-116DFA72A7CB}.Debug|Any CPU.Build.0 = Debug|Any CPU
		{20DF3D47-C2DA-4133-A586-116DFA72A7CB}.Release|Any CPU.ActiveCfg = Release|Any CPU
		{20DF3D47-C2DA-4133-A586-116DFA72A7CB}.Release|Any CPU.Build.0 = Release|Any CPU
		{AA286C74-E648-4A36-9EBB-6DB18200F9AA}.Debug|Any CPU.ActiveCfg = Debug|Any CPU
		{AA286C74-E648-4A36-9EBB-6DB18200F9AA}.Debug|Any CPU.Build.0 = Debug|Any CPU
		{AA286C74-E648-4A36-9EBB-6DB18200F9AA}.Release|Any CPU.ActiveCfg = Release|Any CPU
		{AA286C74-E648-4A36-9EBB-6DB18200F9AA}.Release|Any CPU.Build.0 = Release|Any CPU
	EndGlobalSection
EndGlobal
