
Microsoft Visual Studio Solution File, Format Version 12.00
Project("{F2A71F9B-5D33-465A-A702-920D77279786}") = "Kedr.Tokenization", "src\Kedr.Tokenization\Kedr.Tokenization.fsproj", "{20DF3D47-C2DA-4133-A586-116DFA72A7CB}"
EndProject
Project("{F2A71F9B-5D33-465A-A702-920D77279786}") = "Kedr.Tokenization.Tests", "tests\Kedr.Tokenization.Tests\Kedr.Tokenization.Tests.fsproj", "{AA286C74-E648-4A36-9EBB-6DB18200F9AA}"
EndProject
Project("{F2A71F9B-5D33-465A-A702-920D77279786}") = "Kedr.AST", "src\Kedr.AST\Kedr.AST.fsproj", "{1F37820C-8FE8-4F2C-9F42-314617E0AFF4}"
EndProject
Project("{F2A71F9B-5D33-465A-A702-920D77279786}") = "Kedr.AST.Tests", "tests\Kedr.AST.Tests\Kedr.AST.Tests.fsproj", "{9359BC4E-267B-4809-B6BF-DC0AF91B369F}"
EndProject
Project("{2150E333-8FDC-42A3-9474-1A3956D46DE8}") = "src", "src", "{D4DE6984-0D54-4AB0-9107-D9645FF571CB}"
EndProject
Project("{2150E333-8FDC-42A3-9474-1A3956D46DE8}") = "tests", "tests", "{5D65AC39-CCE0-4DC7-8809-AAE46D180A61}"
EndProject
Project("{2150E333-8FDC-42A3-9474-1A3956D46DE8}") = "utility", "utility", "{80C218BC-2DA7-4A91-B875-8A7EBEA187FE}"
EndProject
Project("{F2A71F9B-5D33-465A-A702-920D77279786}") = "Kedr.ParserCombinator", "src\utility\Kedr.ParserCombinator\Kedr.ParserCombinator.fsproj", "{FD8695E2-BC4D-4222-AEDE-B835CED8A273}"
EndProject
Project("{F2A71F9B-5D33-465A-A702-920D77279786}") = "Kedr.ParserGenerator", "src\utility\Kedr.ParserGenerator\Kedr.ParserGenerator.fsproj", "{B14C5D3D-F508-483D-A1BA-F5EE8BF464B5}"
EndProject
Global
	GlobalSection(SolutionConfigurationPlatforms) = preSolution
		Debug|Any CPU = Debug|Any CPU
		Release|Any CPU = Release|Any CPU
	EndGlobalSection
	GlobalSection(ProjectConfigurationPlatforms) = postSolution
		{20DF3D47-C2DA-4133-A586-116DFA72A7CB}.Debug|Any CPU.ActiveCfg = Debug|Any CPU
		{20DF3D47-C2DA-4133-A586-116DFA72A7CB}.Debug|Any CPU.Build.0 = Debug|Any CPU
		{20DF3D47-C2DA-4133-A586-116DFA72A7CB}.Release|Any CPU.ActiveCfg = Release|Any CPU
		{20DF3D47-C2DA-4133-A586-116DFA72A7CB}.Release|Any CPU.Build.0 = Release|Any CPU
		{AA286C74-E648-4A36-9EBB-6DB18200F9AA}.Debug|Any CPU.ActiveCfg = Debug|Any CPU
		{AA286C74-E648-4A36-9EBB-6DB18200F9AA}.Debug|Any CPU.Build.0 = Debug|Any CPU
		{AA286C74-E648-4A36-9EBB-6DB18200F9AA}.Release|Any CPU.ActiveCfg = Release|Any CPU
		{AA286C74-E648-4A36-9EBB-6DB18200F9AA}.Release|Any CPU.Build.0 = Release|Any CPU
		{1F37820C-8FE8-4F2C-9F42-314617E0AFF4}.Debug|Any CPU.ActiveCfg = Debug|Any CPU
		{1F37820C-8FE8-4F2C-9F42-314617E0AFF4}.Debug|Any CPU.Build.0 = Debug|Any CPU
		{1F37820C-8FE8-4F2C-9F42-314617E0AFF4}.Release|Any CPU.ActiveCfg = Release|Any CPU
		{1F37820C-8FE8-4F2C-9F42-314617E0AFF4}.Release|Any CPU.Build.0 = Release|Any CPU
		{9359BC4E-267B-4809-B6BF-DC0AF91B369F}.Debug|Any CPU.ActiveCfg = Debug|Any CPU
		{9359BC4E-267B-4809-B6BF-DC0AF91B369F}.Debug|Any CPU.Build.0 = Debug|Any CPU
		{9359BC4E-267B-4809-B6BF-DC0AF91B369F}.Release|Any CPU.ActiveCfg = Release|Any CPU
		{9359BC4E-267B-4809-B6BF-DC0AF91B369F}.Release|Any CPU.Build.0 = Release|Any CPU
		{FD8695E2-BC4D-4222-AEDE-B835CED8A273}.Debug|Any CPU.ActiveCfg = Debug|Any CPU
		{FD8695E2-BC4D-4222-AEDE-B835CED8A273}.Debug|Any CPU.Build.0 = Debug|Any CPU
		{FD8695E2-BC4D-4222-AEDE-B835CED8A273}.Release|Any CPU.ActiveCfg = Release|Any CPU
		{FD8695E2-BC4D-4222-AEDE-B835CED8A273}.Release|Any CPU.Build.0 = Release|Any CPU
		{B14C5D3D-F508-483D-A1BA-F5EE8BF464B5}.Debug|Any CPU.ActiveCfg = Debug|Any CPU
		{B14C5D3D-F508-483D-A1BA-F5EE8BF464B5}.Debug|Any CPU.Build.0 = Debug|Any CPU
		{B14C5D3D-F508-483D-A1BA-F5EE8BF464B5}.Release|Any CPU.ActiveCfg = Release|Any CPU
		{B14C5D3D-F508-483D-A1BA-F5EE8BF464B5}.Release|Any CPU.Build.0 = Release|Any CPU
	EndGlobalSection
	GlobalSection(NestedProjects) = preSolution
		{1F37820C-8FE8-4F2C-9F42-314617E0AFF4} = {D4DE6984-0D54-4AB0-9107-D9645FF571CB}
		{20DF3D47-C2DA-4133-A586-116DFA72A7CB} = {D4DE6984-0D54-4AB0-9107-D9645FF571CB}
		{9359BC4E-267B-4809-B6BF-DC0AF91B369F} = {5D65AC39-CCE0-4DC7-8809-AAE46D180A61}
		{AA286C74-E648-4A36-9EBB-6DB18200F9AA} = {5D65AC39-CCE0-4DC7-8809-AAE46D180A61}
		{80C218BC-2DA7-4A91-B875-8A7EBEA187FE} = {D4DE6984-0D54-4AB0-9107-D9645FF571CB}
		{FD8695E2-BC4D-4222-AEDE-B835CED8A273} = {80C218BC-2DA7-4A91-B875-8A7EBEA187FE}
		{B14C5D3D-F508-483D-A1BA-F5EE8BF464B5} = {80C218BC-2DA7-4A91-B875-8A7EBEA187FE}
	EndGlobalSection
EndGlobal
